// !$*UTF8*$!
{
	archiveVersion = 1;
	classes = {
	};
	objectVersion = 48;
	objects = {

/* Begin PBXBuildFile section */
		A952B2CC1FEE6D730061E073 /* AppDelegate.m in Sources */ = {isa = PBXBuildFile; fileRef = A952B2CB1FEE6D730061E073 /* AppDelegate.m */; };
		A952B2CF1FEE6D730061E073 /* ViewController.m in Sources */ = {isa = PBXBuildFile; fileRef = A952B2CE1FEE6D730061E073 /* ViewController.m */; };
		A952B2D21FEE6D730061E073 /* Main.storyboard in Resources */ = {isa = PBXBuildFile; fileRef = A952B2D01FEE6D730061E073 /* Main.storyboard */; };
		A952B2D51FEE6D730061E073 /* XLLFileHashTest.xcdatamodeld in Sources */ = {isa = PBXBuildFile; fileRef = A952B2D31FEE6D730061E073 /* XLLFileHashTest.xcdatamodeld */; };
		A952B2D71FEE6D730061E073 /* Assets.xcassets in Resources */ = {isa = PBXBuildFile; fileRef = A952B2D61FEE6D730061E073 /* Assets.xcassets */; };
		A952B2DA1FEE6D730061E073 /* LaunchScreen.storyboard in Resources */ = {isa = PBXBuildFile; fileRef = A952B2D81FEE6D730061E073 /* LaunchScreen.storyboard */; };
		A952B2DD1FEE6D730061E073 /* main.m in Sources */ = {isa = PBXBuildFile; fileRef = A952B2DC1FEE6D730061E073 /* main.m */; };
		A952B2E71FEE6D730061E073 /* XLLFileHashTestTests.m in Sources */ = {isa = PBXBuildFile; fileRef = A952B2E61FEE6D730061E073 /* XLLFileHashTestTests.m */; };
		A952B2F21FEE6D730061E073 /* XLLFileHashTestUITests.m in Sources */ = {isa = PBXBuildFile; fileRef = A952B2F11FEE6D730061E073 /* XLLFileHashTestUITests.m */; };
		A952B3461FEE77AA0061E073 /* libPods-XLLFileHashTest.a in Frameworks */ = {isa = PBXBuildFile; fileRef = A952B3471FEE77AA0061E073 /* libPods-XLLFileHashTest.a */; };
/* End PBXBuildFile section */

/* Begin PBXContainerItemProxy section */
		A952B2E31FEE6D730061E073 /* PBXContainerItemProxy */ = {
			isa = PBXContainerItemProxy;
			containerPortal = A952B2BF1FEE6D720061E073 /* Project object */;
			proxyType = 1;
			remoteGlobalIDString = A952B2C61FEE6D730061E073;
			remoteInfo = XLLFileHashTest;
		};
		A952B2EE1FEE6D730061E073 /* PBXContainerItemProxy */ = {
			isa = PBXContainerItemProxy;
			containerPortal = A952B2BF1FEE6D720061E073 /* Project object */;
			proxyType = 1;
			remoteGlobalIDString = A952B2C61FEE6D730061E073;
			remoteInfo = XLLFileHashTest;
		};
/* End PBXContainerItemProxy section */

/* Begin PBXFileReference section */
		0AFA62DE5F309FA27EE194AD /* Pods-XLLFileHashTest.debug.xcconfig */ = {isa = PBXFileReference; includeInIndex = 1; lastKnownFileType = text.xcconfig; name = "Pods-XLLFileHashTest.debug.xcconfig"; path = "Pods/Target Support Files/Pods-XLLFileHashTest/Pods-XLLFileHashTest.debug.xcconfig"; sourceTree = "<group>"; };
		1ACDB19E3E71917619CDCB49 /* libPods-XLLFileHashTest.a */ = {isa = PBXFileReference; explicitFileType = archive.ar; includeInIndex = 0; path = "libPods-XLLFileHashTest.a"; sourceTree = BUILT_PRODUCTS_DIR; };
		248B7A808D640C9E900B8AA3 /* Pods-XLLFileHashTest.release.xcconfig */ = {isa = PBXFileReference; includeInIndex = 1; lastKnownFileType = text.xcconfig; name = "Pods-XLLFileHashTest.release.xcconfig"; path = "Pods/Target Support Files/Pods-XLLFileHashTest/Pods-XLLFileHashTest.release.xcconfig"; sourceTree = "<group>"; };
		A952B2C71FEE6D730061E073 /* XLLFileHashTest.app */ = {isa = PBXFileReference; explicitFileType = wrapper.application; includeInIndex = 0; path = XLLFileHashTest.app; sourceTree = BUILT_PRODUCTS_DIR; };
		A952B2CA1FEE6D730061E073 /* AppDelegate.h */ = {isa = PBXFileReference; lastKnownFileType = sourcecode.c.h; path = AppDelegate.h; sourceTree = "<group>"; };
		A952B2CB1FEE6D730061E073 /* AppDelegate.m */ = {isa = PBXFileReference; lastKnownFileType = sourcecode.c.objc; path = AppDelegate.m; sourceTree = "<group>"; };
		A952B2CD1FEE6D730061E073 /* ViewController.h */ = {isa = PBXFileReference; lastKnownFileType = sourcecode.c.h; path = ViewController.h; sourceTree = "<group>"; };
		A952B2CE1FEE6D730061E073 /* ViewController.m */ = {isa = PBXFileReference; lastKnownFileType = sourcecode.c.objc; path = ViewController.m; sourceTree = "<group>"; };
		A952B2D11FEE6D730061E073 /* Base */ = {isa = PBXFileReference; lastKnownFileType = file.storyboard; name = Base; path = Base.lproj/Main.storyboard; sourceTree = "<group>"; };
		A952B2D41FEE6D730061E073 /* XLLFileHashTest.xcdatamodel */ = {isa = PBXFileReference; lastKnownFileType = wrapper.xcdatamodel; path = XLLFileHashTest.xcdatamodel; sourceTree = "<group>"; };
		A952B2D61FEE6D730061E073 /* Assets.xcassets */ = {isa = PBXFileReference; lastKnownFileType = folder.assetcatalog; path = Assets.xcassets; sourceTree = "<group>"; };
		A952B2D91FEE6D730061E073 /* Base */ = {isa = PBXFileReference; lastKnownFileType = file.storyboard; name = Base; path = Base.lproj/LaunchScreen.storyboard; sourceTree = "<group>"; };
		A952B2DB1FEE6D730061E073 /* Info.plist */ = {isa = PBXFileReference; lastKnownFileType = text.plist.xml; path = Info.plist; sourceTree = "<group>"; };
		A952B2DC1FEE6D730061E073 /* main.m */ = {isa = PBXFileReference; lastKnownFileType = sourcecode.c.objc; path = main.m; sourceTree = "<group>"; };
		A952B2E21FEE6D730061E073 /* XLLFileHashTestTests.xctest */ = {isa = PBXFileReference; explicitFileType = wrapper.cfbundle; includeInIndex = 0; path = XLLFileHashTestTests.xctest; sourceTree = BUILT_PRODUCTS_DIR; };
		A952B2E61FEE6D730061E073 /* XLLFileHashTestTests.m */ = {isa = PBXFileReference; lastKnownFileType = sourcecode.c.objc; path = XLLFileHashTestTests.m; sourceTree = "<group>"; };
		A952B2E81FEE6D730061E073 /* Info.plist */ = {isa = PBXFileReference; lastKnownFileType = text.plist.xml; path = Info.plist; sourceTree = "<group>"; };
		A952B2ED1FEE6D730061E073 /* XLLFileHashTestUITests.xctest */ = {isa = PBXFileReference; explicitFileType = wrapper.cfbundle; includeInIndex = 0; path = XLLFileHashTestUITests.xctest; sourceTree = BUILT_PRODUCTS_DIR; };
		A952B2F11FEE6D730061E073 /* XLLFileHashTestUITests.m */ = {isa = PBXFileReference; lastKnownFileType = sourcecode.c.objc; path = XLLFileHashTestUITests.m; sourceTree = "<group>"; };
		A952B2F31FEE6D730061E073 /* Info.plist */ = {isa = PBXFileReference; lastKnownFileType = text.plist.xml; path = Info.plist; sourceTree = "<group>"; };
		A952B3001FEE6FEB0061E073 /* libXLLFileHash.a */ = {isa = PBXFileReference; explicitFileType = archive.ar; path = libXLLFileHash.a; sourceTree = BUILT_PRODUCTS_DIR; };
		A952B3431FEE729A0061E073 /* libXLLFileHash.a */ = {isa = PBXFileReference; explicitFileType = archive.ar; path = libXLLFileHash.a; sourceTree = BUILT_PRODUCTS_DIR; };
		A952B3451FEE77A10061E073 /* libXLLFileHash.a */ = {isa = PBXFileReference; explicitFileType = archive.ar; path = libXLLFileHash.a; sourceTree = BUILT_PRODUCTS_DIR; };
		A952B3471FEE77AA0061E073 /* libPods-XLLFileHashTest.a */ = {isa = PBXFileReference; explicitFileType = archive.ar; path = "libPods-XLLFileHashTest.a"; sourceTree = BUILT_PRODUCTS_DIR; };
		A952B3481FEE80420061E073 /* Foundation.framework */ = {isa = PBXFileReference; lastKnownFileType = wrapper.framework; name = Foundation.framework; path = System/Library/Frameworks/Foundation.framework; sourceTree = SDKROOT; };
/* End PBXFileReference section */

/* Begin PBXFrameworksBuildPhase section */
		A952B2C41FEE6D730061E073 /* Frameworks */ = {
			isa = PBXFrameworksBuildPhase;
			buildActionMask = 2147483647;
			files = (
				A952B3461FEE77AA0061E073 /* libPods-XLLFileHashTest.a in Frameworks */,
			);
			runOnlyForDeploymentPostprocessing = 0;
		};
		A952B2DF1FEE6D730061E073 /* Frameworks */ = {
			isa = PBXFrameworksBuildPhase;
			buildActionMask = 2147483647;
			files = (
			);
			runOnlyForDeploymentPostprocessing = 0;
		};
		A952B2EA1FEE6D730061E073 /* Frameworks */ = {
			isa = PBXFrameworksBuildPhase;
			buildActionMask = 2147483647;
			files = (
			);
			runOnlyForDeploymentPostprocessing = 0;
		};
/* End PBXFrameworksBuildPhase section */

/* Begin PBXGroup section */
		319709EFC738E57A3CC09814 /* Frameworks */ = {
			isa = PBXGroup;
			children = (
				A952B3481FEE80420061E073 /* Foundation.framework */,
				A952B3471FEE77AA0061E073 /* libPods-XLLFileHashTest.a */,
				A952B3451FEE77A10061E073 /* libXLLFileHash.a */,
				A952B3431FEE729A0061E073 /* libXLLFileHash.a */,
				A952B3001FEE6FEB0061E073 /* libXLLFileHash.a */,
				1ACDB19E3E71917619CDCB49 /* libPods-XLLFileHashTest.a */,
			);
			name = Frameworks;
			sourceTree = "<group>";
		};
		A952B2BE1FEE6D720061E073 = {
			isa = PBXGroup;
			children = (
				A952B2C91FEE6D730061E073 /* XLLFileHashTest */,
				A952B2E51FEE6D730061E073 /* XLLFileHashTestTests */,
				A952B2F01FEE6D730061E073 /* XLLFileHashTestUITests */,
				A952B2C81FEE6D730061E073 /* Products */,
				EFFACF27A178E6B263EBC843 /* Pods */,
				319709EFC738E57A3CC09814 /* Frameworks */,
			);
			sourceTree = "<group>";
		};
		A952B2C81FEE6D730061E073 /* Products */ = {
			isa = PBXGroup;
			children = (
				A952B2C71FEE6D730061E073 /* XLLFileHashTest.app */,
				A952B2E21FEE6D730061E073 /* XLLFileHashTestTests.xctest */,
				A952B2ED1FEE6D730061E073 /* XLLFileHashTestUITests.xctest */,
			);
			name = Products;
			sourceTree = "<group>";
		};
		A952B2C91FEE6D730061E073 /* XLLFileHashTest */ = {
			isa = PBXGroup;
			children = (
				A952B2CA1FEE6D730061E073 /* AppDelegate.h */,
				A952B2CB1FEE6D730061E073 /* AppDelegate.m */,
				A952B2CD1FEE6D730061E073 /* ViewController.h */,
				A952B2CE1FEE6D730061E073 /* ViewController.m */,
				A952B2D01FEE6D730061E073 /* Main.storyboard */,
				A952B2D61FEE6D730061E073 /* Assets.xcassets */,
				A952B2D81FEE6D730061E073 /* LaunchScreen.storyboard */,
				A952B2DB1FEE6D730061E073 /* Info.plist */,
				A952B2DC1FEE6D730061E073 /* main.m */,
				A952B2D31FEE6D730061E073 /* XLLFileHashTest.xcdatamodeld */,
			);
			path = XLLFileHashTest;
			sourceTree = "<group>";
		};
		A952B2E51FEE6D730061E073 /* XLLFileHashTestTests */ = {
			isa = PBXGroup;
			children = (
				A952B2E61FEE6D730061E073 /* XLLFileHashTestTests.m */,
				A952B2E81FEE6D730061E073 /* Info.plist */,
			);
			path = XLLFileHashTestTests;
			sourceTree = "<group>";
		};
		A952B2F01FEE6D730061E073 /* XLLFileHashTestUITests */ = {
			isa = PBXGroup;
			children = (
				A952B2F11FEE6D730061E073 /* XLLFileHashTestUITests.m */,
				A952B2F31FEE6D730061E073 /* Info.plist */,
			);
			path = XLLFileHashTestUITests;
			sourceTree = "<group>";
		};
		EFFACF27A178E6B263EBC843 /* Pods */ = {
			isa = PBXGroup;
			children = (
				0AFA62DE5F309FA27EE194AD /* Pods-XLLFileHashTest.debug.xcconfig */,
				248B7A808D640C9E900B8AA3 /* Pods-XLLFileHashTest.release.xcconfig */,
			);
			name = Pods;
			sourceTree = "<group>";
		};
/* End PBXGroup section */

/* Begin PBXNativeTarget section */
		A952B2C61FEE6D730061E073 /* XLLFileHashTest */ = {
			isa = PBXNativeTarget;
			buildConfigurationList = A952B2F61FEE6D730061E073 /* Build configuration list for PBXNativeTarget "XLLFileHashTest" */;
			buildPhases = (
				BC6CD684105BE7439DF6490C /* [CP] Check Pods Manifest.lock */,
				A952B2C31FEE6D730061E073 /* Sources */,
				A952B2C41FEE6D730061E073 /* Frameworks */,
				A952B2C51FEE6D730061E073 /* Resources */,
				AB2D9969BA5974BD43B80C18 /* [CP] Embed Pods Frameworks */,
				84E8ADBD67C820B5058F1884 /* [CP] Copy Pods Resources */,
			);
			buildRules = (
			);
			dependencies = (
			);
			name = XLLFileHashTest;
			productName = XLLFileHashTest;
			productReference = A952B2C71FEE6D730061E073 /* XLLFileHashTest.app */;
			productType = "com.apple.product-type.application";
		};
		A952B2E11FEE6D730061E073 /* XLLFileHashTestTests */ = {
			isa = PBXNativeTarget;
			buildConfigurationList = A952B2F91FEE6D730061E073 /* Build configuration list for PBXNativeTarget "XLLFileHashTestTests" */;
			buildPhases = (
				A952B2DE1FEE6D730061E073 /* Sources */,
				A952B2DF1FEE6D730061E073 /* Frameworks */,
				A952B2E01FEE6D730061E073 /* Resources */,
			);
			buildRules = (
			);
			dependencies = (
				A952B2E41FEE6D730061E073 /* PBXTargetDependency */,
			);
			name = XLLFileHashTestTests;
			productName = XLLFileHashTestTests;
			productReference = A952B2E21FEE6D730061E073 /* XLLFileHashTestTests.xctest */;
			productType = "com.apple.product-type.bundle.unit-test";
		};
		A952B2EC1FEE6D730061E073 /* XLLFileHashTestUITests */ = {
			isa = PBXNativeTarget;
			buildConfigurationList = A952B2FC1FEE6D730061E073 /* Build configuration list for PBXNativeTarget "XLLFileHashTestUITests" */;
			buildPhases = (
				A952B2E91FEE6D730061E073 /* Sources */,
				A952B2EA1FEE6D730061E073 /* Frameworks */,
				A952B2EB1FEE6D730061E073 /* Resources */,
			);
			buildRules = (
			);
			dependencies = (
				A952B2EF1FEE6D730061E073 /* PBXTargetDependency */,
			);
			name = XLLFileHashTestUITests;
			productName = XLLFileHashTestUITests;
			productReference = A952B2ED1FEE6D730061E073 /* XLLFileHashTestUITests.xctest */;
			productType = "com.apple.product-type.bundle.ui-testing";
		};
/* End PBXNativeTarget section */

/* Begin PBXProject section */
		A952B2BF1FEE6D720061E073 /* Project object */ = {
			isa = PBXProject;
			attributes = {
				LastUpgradeCheck = 0920;
				ORGANIZATIONNAME = IMMoveMobile;
				TargetAttributes = {
					A952B2C61FEE6D730061E073 = {
						CreatedOnToolsVersion = 9.2;
						ProvisioningStyle = Automatic;
					};
					A952B2E11FEE6D730061E073 = {
						CreatedOnToolsVersion = 9.2;
						ProvisioningStyle = Automatic;
						TestTargetID = A952B2C61FEE6D730061E073;
					};
					A952B2EC1FEE6D730061E073 = {
						CreatedOnToolsVersion = 9.2;
						ProvisioningStyle = Automatic;
						TestTargetID = A952B2C61FEE6D730061E073;
					};
				};
			};
			buildConfigurationList = A952B2C21FEE6D720061E073 /* Build configuration list for PBXProject "XLLFileHashTest" */;
			compatibilityVersion = "Xcode 8.0";
			developmentRegion = en;
			hasScannedForEncodings = 0;
			knownRegions = (
				en,
				Base,
			);
			mainGroup = A952B2BE1FEE6D720061E073;
			productRefGroup = A952B2C81FEE6D730061E073 /* Products */;
			projectDirPath = "";
			projectRoot = "";
			targets = (
				A952B2C61FEE6D730061E073 /* XLLFileHashTest */,
				A952B2E11FEE6D730061E073 /* XLLFileHashTestTests */,
				A952B2EC1FEE6D730061E073 /* XLLFileHashTestUITests */,
			);
		};
/* End PBXProject section */

/* Begin PBXResourcesBuildPhase section */
		A952B2C51FEE6D730061E073 /* Resources */ = {
			isa = PBXResourcesBuildPhase;
			buildActionMask = 2147483647;
			files = (
				A952B2DA1FEE6D730061E073 /* LaunchScreen.storyboard in Resources */,
				A952B2D71FEE6D730061E073 /* Assets.xcassets in Resources */,
				A952B2D21FEE6D730061E073 /* Main.storyboard in Resources */,
			);
			runOnlyForDeploymentPostprocessing = 0;
		};
		A952B2E01FEE6D730061E073 /* Resources */ = {
			isa = PBXResourcesBuildPhase;
			buildActionMask = 2147483647;
			files = (
			);
			runOnlyForDeploymentPostprocessing = 0;
		};
		A952B2EB1FEE6D730061E073 /* Resources */ = {
			isa = PBXResourcesBuildPhase;
			buildActionMask = 2147483647;
			files = (
			);
			runOnlyForDeploymentPostprocessing = 0;
		};
/* End PBXResourcesBuildPhase section */

/* Begin PBXShellScriptBuildPhase section */
		84E8ADBD67C820B5058F1884 /* [CP] Copy Pods Resources */ = {
			isa = PBXShellScriptBuildPhase;
			buildActionMask = 2147483647;
			files = (
			);
			inputPaths = (
			);
			name = "[CP] Copy Pods Resources";
			outputPaths = (
			);
			runOnlyForDeploymentPostprocessing = 0;
			shellPath = /bin/sh;
			shellScript = "\"${SRCROOT}/Pods/Target Support Files/Pods-XLLFileHashTest/Pods-XLLFileHashTest-resources.sh\"\n";
			showEnvVarsInLog = 0;
		};
		AB2D9969BA5974BD43B80C18 /* [CP] Embed Pods Frameworks */ = {
			isa = PBXShellScriptBuildPhase;
			buildActionMask = 2147483647;
			files = (
			);
			inputPaths = (
			);
			name = "[CP] Embed Pods Frameworks";
			outputPaths = (
			);
			runOnlyForDeploymentPostprocessing = 0;
			shellPath = /bin/sh;
			shellScript = "\"${SRCROOT}/Pods/Target Support Files/Pods-XLLFileHashTest/Pods-XLLFileHashTest-frameworks.sh\"\n";
			showEnvVarsInLog = 0;
		};
		BC6CD684105BE7439DF6490C /* [CP] Check Pods Manifest.lock */ = {
			isa = PBXShellScriptBuildPhase;
			buildActionMask = 2147483647;
			files = (
			);
			inputPaths = (
				"${PODS_PODFILE_DIR_PATH}/Podfile.lock",
				"${PODS_ROOT}/Manifest.lock",
			);
			name = "[CP] Check Pods Manifest.lock";
			outputPaths = (
				"$(DERIVED_FILE_DIR)/Pods-XLLFileHashTest-checkManifestLockResult.txt",
			);
			runOnlyForDeploymentPostprocessing = 0;
			shellPath = /bin/sh;
			shellScript = "diff \"${PODS_PODFILE_DIR_PATH}/Podfile.lock\" \"${PODS_ROOT}/Manifest.lock\" > /dev/null\nif [ $? != 0 ] ; then\n    # print error to STDERR\n    echo \"error: The sandbox is not in sync with the Podfile.lock. Run 'pod install' or update your CocoaPods installation.\" >&2\n    exit 1\nfi\n# This output is used by Xcode 'outputs' to avoid re-running this script phase.\necho \"SUCCESS\" > \"${SCRIPT_OUTPUT_FILE_0}\"\n";
			showEnvVarsInLog = 0;
		};
/* End PBXShellScriptBuildPhase section */

/* Begin PBXSourcesBuildPhase section */
		A952B2C31FEE6D730061E073 /* Sources */ = {
			isa = PBXSourcesBuildPhase;
			buildActionMask = 2147483647;
			files = (
				A952B2CF1FEE6D730061E073 /* ViewController.m in Sources */,
				A952B2CC1FEE6D730061E073 /* AppDelegate.m in Sources */,
				A952B2DD1FEE6D730061E073 /* main.m in Sources */,
				A952B2D51FEE6D730061E073 /* XLLFileHashTest.xcdatamodeld in Sources */,
			);
			runOnlyForDeploymentPostprocessing = 0;
		};
		A952B2DE1FEE6D730061E073 /* Sources */ = {
			isa = PBXSourcesBuildPhase;
			buildActionMask = 2147483647;
			files = (
				A952B2E71FEE6D730061E073 /* XLLFileHashTestTests.m in Sources */,
			);
			runOnlyForDeploymentPostprocessing = 0;
		};
		A952B2E91FEE6D730061E073 /* Sources */ = {
			isa = PBXSourcesBuildPhase;
			buildActionMask = 2147483647;
			files = (
				A952B2F21FEE6D730061E073 /* XLLFileHashTestUITests.m in Sources */,
			);
			runOnlyForDeploymentPostprocessing = 0;
		};
/* End PBXSourcesBuildPhase section */

/* Begin PBXTargetDependency section */
		A952B2E41FEE6D730061E073 /* PBXTargetDependency */ = {
			isa = PBXTargetDependency;
			target = A952B2C61FEE6D730061E073 /* XLLFileHashTest */;
			targetProxy = A952B2E31FEE6D730061E073 /* PBXContainerItemProxy */;
		};
		A952B2EF1FEE6D730061E073 /* PBXTargetDependency */ = {
			isa = PBXTargetDependency;
			target = A952B2C61FEE6D730061E073 /* XLLFileHashTest */;
			targetProxy = A952B2EE1FEE6D730061E073 /* PBXContainerItemProxy */;
		};
/* End PBXTargetDependency section */

/* Begin PBXVariantGroup section */
		A952B2D01FEE6D730061E073 /* Main.storyboard */ = {
			isa = PBXVariantGroup;
			children = (
				A952B2D11FEE6D730061E073 /* Base */,
			);
			name = Main.storyboard;
			sourceTree = "<group>";
		};
		A952B2D81FEE6D730061E073 /* LaunchScreen.storyboard */ = {
			isa = PBXVariantGroup;
			children = (
				A952B2D91FEE6D730061E073 /* Base */,
			);
			name = LaunchScreen.storyboard;
			sourceTree = "<group>";
		};
/* End PBXVariantGroup section */

/* Begin XCBuildConfiguration section */
		A952B2F41FEE6D730061E073 /* Debug */ = {
			isa = XCBuildConfiguration;
			buildSettings = {
				ALWAYS_SEARCH_USER_PATHS = NO;
				CLANG_ANALYZER_NONNULL = YES;
				CLANG_ANALYZER_NUMBER_OBJECT_CONVERSION = YES_AGGRESSIVE;
				CLANG_CXX_LANGUAGE_STANDARD = "gnu++14";
				CLANG_CXX_LIBRARY = "libc++";
				CLANG_ENABLE_MODULES = YES;
				CLANG_ENABLE_OBJC_ARC = YES;
				CLANG_WARN_BLOCK_CAPTURE_AUTORELEASING = YES;
				CLANG_WARN_BOOL_CONVERSION = YES;
				CLANG_WARN_COMMA = YES;
				CLANG_WARN_CONSTANT_CONVERSION = YES;
				CLANG_WARN_DIRECT_OBJC_ISA_USAGE = YES_ERROR;
				CLANG_WARN_DOCUMENTATION_COMMENTS = YES;
				CLANG_WARN_EMPTY_BODY = YES;
				CLANG_WARN_ENUM_CONVERSION = YES;
				CLANG_WARN_INFINITE_RECURSION = YES;
				CLANG_WARN_INT_CONVERSION = YES;
				CLANG_WARN_NON_LITERAL_NULL_CONVERSION = YES;
				CLANG_WARN_OBJC_LITERAL_CONVERSION = YES;
				CLANG_WARN_OBJC_ROOT_CLASS = YES_ERROR;
				CLANG_WARN_RANGE_LOOP_ANALYSIS = YES;
				CLANG_WARN_STRICT_PROTOTYPES = YES;
				CLANG_WARN_SUSPICIOUS_MOVE = YES;
				CLANG_WARN_UNGUARDED_AVAILABILITY = YES_AGGRESSIVE;
				CLANG_WARN_UNREACHABLE_CODE = YES;
				CLANG_WARN__DUPLICATE_METHOD_MATCH = YES;
				CODE_SIGN_IDENTITY = "iPhone Developer";
				COPY_PHASE_STRIP = NO;
				DEBUG_INFORMATION_FORMAT = dwarf;
				ENABLE_STRICT_OBJC_MSGSEND = YES;
				ENABLE_TESTABILITY = YES;
				GCC_C_LANGUAGE_STANDARD = gnu11;
				GCC_DYNAMIC_NO_PIC = NO;
				GCC_NO_COMMON_BLOCKS = YES;
				GCC_OPTIMIZATION_LEVEL = 0;
				GCC_PREPROCESSOR_DEFINITIONS = (
					"DEBUG=1",
					"$(inherited)",
				);
				GCC_WARN_64_TO_32_BIT_CONVERSION = YES;
				GCC_WARN_ABOUT_RETURN_TYPE = YES_ERROR;
				GCC_WARN_UNDECLARED_SELECTOR = YES;
				GCC_WARN_UNINITIALIZED_AUTOS = YES_AGGRESSIVE;
				GCC_WARN_UNUSED_FUNCTION = YES;
				GCC_WARN_UNUSED_VARIABLE = YES;
				IPHONEOS_DEPLOYMENT_TARGET = 11.2;
				MTL_ENABLE_DEBUG_INFO = YES;
				ONLY_ACTIVE_ARCH = YES;
				SDKROOT = iphoneos;
			};
			name = Debug;
		};
		A952B2F51FEE6D730061E073 /* Release */ = {
			isa = XCBuildConfiguration;
			buildSettings = {
				ALWAYS_SEARCH_USER_PATHS = NO;
				CLANG_ANALYZER_NONNULL = YES;
				CLANG_ANALYZER_NUMBER_OBJECT_CONVERSION = YES_AGGRESSIVE;
				CLANG_CXX_LANGUAGE_STANDARD = "gnu++14";
				CLANG_CXX_LIBRARY = "libc++";
				CLANG_ENABLE_MODULES = YES;
				CLANG_ENABLE_OBJC_ARC = YES;
				CLANG_WARN_BLOCK_CAPTURE_AUTORELEASING = YES;
				CLANG_WARN_BOOL_CONVERSION = YES;
				CLANG_WARN_COMMA = YES;
				CLANG_WARN_CONSTANT_CONVERSION = YES;
				CLANG_WARN_DIRECT_OBJC_ISA_USAGE = YES_ERROR;
				CLANG_WARN_DOCUMENTATION_COMMENTS = YES;
				CLANG_WARN_EMPTY_BODY = YES;
				CLANG_WARN_ENUM_CONVERSION = YES;
				CLANG_WARN_INFINITE_RECURSION = YES;
				CLANG_WARN_INT_CONVERSION = YES;
				CLANG_WARN_NON_LITERAL_NULL_CONVERSION = YES;
				CLANG_WARN_OBJC_LITERAL_CONVERSION = YES;
				CLANG_WARN_OBJC_ROOT_CLASS = YES_ERROR;
				CLANG_WARN_RANGE_LOOP_ANALYSIS = YES;
				CLANG_WARN_STRICT_PROTOTYPES = YES;
				CLANG_WARN_SUSPICIOUS_MOVE = YES;
				CLANG_WARN_UNGUARDED_AVAILABILITY = YES_AGGRESSIVE;
				CLANG_WARN_UNREACHABLE_CODE = YES;
				CLANG_WARN__DUPLICATE_METHOD_MATCH = YES;
				CODE_SIGN_IDENTITY = "iPhone Developer";
				COPY_PHASE_STRIP = NO;
				DEBUG_INFORMATION_FORMAT = "dwarf-with-dsym";
				ENABLE_NS_ASSERTIONS = NO;
				ENABLE_STRICT_OBJC_MSGSEND = YES;
				GCC_C_LANGUAGE_STANDARD = gnu11;
				GCC_NO_COMMON_BLOCKS = YES;
				GCC_WARN_64_TO_32_BIT_CONVERSION = YES;
				GCC_WARN_ABOUT_RETURN_TYPE = YES_ERROR;
				GCC_WARN_UNDECLARED_SELECTOR = YES;
				GCC_WARN_UNINITIALIZED_AUTOS = YES_AGGRESSIVE;
				GCC_WARN_UNUSED_FUNCTION = YES;
				GCC_WARN_UNUSED_VARIABLE = YES;
				IPHONEOS_DEPLOYMENT_TARGET = 11.2;
				MTL_ENABLE_DEBUG_INFO = NO;
				SDKROOT = iphoneos;
				VALIDATE_PRODUCT = YES;
			};
			name = Release;
		};
		A952B2F71FEE6D730061E073 /* Debug */ = {
			isa = XCBuildConfiguration;
			baseConfigurationReference = 0AFA62DE5F309FA27EE194AD /* Pods-XLLFileHashTest.debug.xcconfig */;
			buildSettings = {
				ASSETCATALOG_COMPILER_APPICON_NAME = AppIcon;
				CODE_SIGN_STYLE = Automatic;
				DEVELOPMENT_TEAM = PXU4P5494Q;
				INFOPLIST_FILE = XLLFileHashTest/Info.plist;
				IPHONEOS_DEPLOYMENT_TARGET = 8.0;
				LD_RUNPATH_SEARCH_PATHS = "$(inherited) @executable_path/Frameworks";
				PRODUCT_BUNDLE_IDENTIFIER = com.IMMoveMobile.XLLFileHashTest;
				PRODUCT_NAME = "$(TARGET_NAME)";
				TARGETED_DEVICE_FAMILY = "1,2";
			};
			name = Debug;
		};
		A952B2F81FEE6D730061E073 /* Release */ = {
			isa = XCBuildConfiguration;
			baseConfigurationReference = 248B7A808D640C9E900B8AA3 /* Pods-XLLFileHashTest.release.xcconfig */;
			buildSettings = {
				ASSETCATALOG_COMPILER_APPICON_NAME = AppIcon;
				CODE_SIGN_STYLE = Automatic;
				DEVELOPMENT_TEAM = PXU4P5494Q;
				INFOPLIST_FILE = XLLFileHashTest/Info.plist;
				IPHONEOS_DEPLOYMENT_TARGET = 8.0;
				LD_RUNPATH_SEARCH_PATHS = "$(inherited) @executable_path/Frameworks";
				PRODUCT_BUNDLE_IDENTIFIER = com.IMMoveMobile.XLLFileHashTest;
				PRODUCT_NAME = "$(TARGET_NAME)";
				TARGETED_DEVICE_FAMILY = "1,2";
			};
			name = Release;
		};
		A952B2FA1FEE6D730061E073 /* Debug */ = {
			isa = XCBuildConfiguration;
			buildSettings = {
				BUNDLE_LOADER = "$(TEST_HOST)";
				CODE_SIGN_STYLE = Automatic;
				DEVELOPMENT_TEAM = PXU4P5494Q;
				INFOPLIST_FILE = XLLFileHashTestTests/Info.plist;
				LD_RUNPATH_SEARCH_PATHS = "$(inherited) @executable_path/Frameworks @loader_path/Frameworks";
				PRODUCT_BUNDLE_IDENTIFIER = com.IMMoveMobile.XLLFileHashTestTests;
				PRODUCT_NAME = "$(TARGET_NAME)";
				TARGETED_DEVICE_FAMILY = "1,2";
				TEST_HOST = "$(BUILT_PRODUCTS_DIR)/XLLFileHashTest.app/XLLFileHashTest";
			};
			name = Debug;
		};
		A952B2FB1FEE6D730061E073 /* Release */ = {
			isa = XCBuildConfiguration;
			buildSettings = {
				BUNDLE_LOADER = "$(TEST_HOST)";
				CODE_SIGN_STYLE = Automatic;
				DEVELOPMENT_TEAM = PXU4P5494Q;
				INFOPLIST_FILE = XLLFileHashTestTests/Info.plist;
				LD_RUNPATH_SEARCH_PATHS = "$(inherited) @executable_path/Frameworks @loader_path/Frameworks";
				PRODUCT_BUNDLE_IDENTIFIER = com.IMMoveMobile.XLLFileHashTestTests;
				PRODUCT_NAME = "$(TARGET_NAME)";
				TARGETED_DEVICE_FAMILY = "1,2";
				TEST_HOST = "$(BUILT_PRODUCTS_DIR)/XLLFileHashTest.app/XLLFileHashTest";
			};
			name = Release;
		};
		A952B2FD1FEE6D730061E073 /* Debug */ = {
			isa = XCBuildConfiguration;
			buildSettings = {
				CODE_SIGN_STYLE = Automatic;
				DEVELOPMENT_TEAM = PXU4P5494Q;
				INFOPLIST_FILE = XLLFileHashTestUITests/Info.plist;
				LD_RUNPATH_SEARCH_PATHS = "$(inherited) @executable_path/Frameworks @loader_path/Frameworks";
				PRODUCT_BUNDLE_IDENTIFIER = com.IMMoveMobile.XLLFileHashTestUITests;
				PRODUCT_NAME = "$(TARGET_NAME)";
				TARGETED_DEVICE_FAMILY = "1,2";
				TEST_TARGET_NAME = XLLFileHashTest;
			};
			name = Debug;
		};
		A952B2FE1FEE6D730061E073 /* Release */ = {
			isa = XCBuildConfiguration;
			buildSettings = {
				CODE_SIGN_STYLE = Automatic;
				DEVELOPMENT_TEAM = PXU4P5494Q;
				INFOPLIST_FILE = XLLFileHashTestUITests/Info.plist;
				LD_RUNPATH_SEARCH_PATHS = "$(inherited) @executable_path/Frameworks @loader_path/Frameworks";
				PRODUCT_BUNDLE_IDENTIFIER = com.IMMoveMobile.XLLFileHashTestUITests;
				PRODUCT_NAME = "$(TARGET_NAME)";
				TARGETED_DEVICE_FAMILY = "1,2";
				TEST_TARGET_NAME = XLLFileHashTest;
			};
			name = Release;
		};
/* End XCBuildConfiguration section */

/* Begin XCConfigurationList section */
		A952B2C21FEE6D720061E073 /* Build configuration list for PBXProject "XLLFileHashTest" */ = {
			isa = XCConfigurationList;
			buildConfigurations = (
				A952B2F41FEE6D730061E073 /* Debug */,
				A952B2F51FEE6D730061E073 /* Release */,
			);
			defaultConfigurationIsVisible = 0;
			defaultConfigurationName = Release;
		};
		A952B2F61FEE6D730061E073 /* Build configuration list for PBXNativeTarget "XLLFileHashTest" */ = {
			isa = XCConfigurationList;
			buildConfigurations = (
				A952B2F71FEE6D730061E073 /* Debug */,
				A952B2F81FEE6D730061E073 /* Release */,
			);
			defaultConfigurationIsVisible = 0;
			defaultConfigurationName = Release;
		};
		A952B2F91FEE6D730061E073 /* Build configuration list for PBXNativeTarget "XLLFileHashTestTests" */ = {
			isa = XCConfigurationList;
			buildConfigurations = (
				A952B2FA1FEE6D730061E073 /* Debug */,
				A952B2FB1FEE6D730061E073 /* Release */,
			);
			defaultConfigurationIsVisible = 0;
			defaultConfigurationName = Release;
		};
		A952B2FC1FEE6D730061E073 /* Build configuration list for PBXNativeTarget "XLLFileHashTestUITests" */ = {
			isa = XCConfigurationList;
			buildConfigurations = (
				A952B2FD1FEE6D730061E073 /* Debug */,
				A952B2FE1FEE6D730061E073 /* Release */,
			);
			defaultConfigurationIsVisible = 0;
			defaultConfigurationName = Release;
		};
/* End XCConfigurationList section */

/* Begin XCVersionGroup section */
		A952B2D31FEE6D730061E073 /* XLLFileHashTest.xcdatamodeld */ = {
			isa = XCVersionGroup;
			children = (
				A952B2D41FEE6D730061E073 /* XLLFileHashTest.xcdatamodel */,
			);
			currentVersion = A952B2D41FEE6D730061E073 /* XLLFileHashTest.xcdatamodel */;
			path = XLLFileHashTest.xcdatamodeld;
			sourceTree = "<group>";
			versionGroupType = wrapper.xcdatamodel;
		};
/* End XCVersionGroup section */
	};
	rootObject = A952B2BF1FEE6D720061E073 /* Project object */;
}
